
Microsoft Visual Studio Solution File, Format Version 12.00
# Visual Studio Version 17
VisualStudioVersion = 17.9.34728.123
MinimumVisualStudioVersion = 10.0.40219.1
Project("{9A19103F-16F7-4668-BE54-9A1E7A4F7556}") = "Strategy", "Strategy\Strategy.csproj", "{6EF9A8E1-2751-4609-A937-B0390B38C4D6}"
EndProject
Project("{FAE04EC0-301F-11D3-BF4B-00C04F79EFBC}") = "Observer", "Observer\Observer.csproj", "{869E105E-A433-40F8-8CC7-82F4DD1F5662}"
EndProject
Project("{FAE04EC0-301F-11D3-BF4B-00C04F79EFBC}") = "Decorator", "Decorator\Decorator.csproj", "{45BBF781-3045-41C9-B4BD-E199DD611585}"
EndProject
Project("{FAE04EC0-301F-11D3-BF4B-00C04F79EFBC}") = "Factory", "Factory\Factory.csproj", "{19378BAE-284A-4228-B28E-447F109D4FE5}"
EndProject
Global
	GlobalSection(SolutionConfigurationPlatforms) = preSolution
		Debug|Any CPU = Debug|Any CPU
		Release|Any CPU = Release|Any CPU
	EndGlobalSection
	GlobalSection(ProjectConfigurationPlatforms) = postSolution
		{6EF9A8E1-2751-4609-A937-B0390B38C4D6}.Debug|Any CPU.ActiveCfg = Debug|Any CPU
		{6EF9A8E1-2751-4609-A937-B0390B38C4D6}.Debug|Any CPU.Build.0 = Debug|Any CPU
		{6EF9A8E1-2751-4609-A937-B0390B38C4D6}.Release|Any CPU.ActiveCfg = Release|Any CPU
		{6EF9A8E1-2751-4609-A937-B0390B38C4D6}.Release|Any CPU.Build.0 = Release|Any CPU
		{869E105E-A433-40F8-8CC7-82F4DD1F5662}.Debug|Any CPU.ActiveCfg = Debug|Any CPU
		{869E105E-A433-40F8-8CC7-82F4DD1F5662}.Debug|Any CPU.Build.0 = Debug|Any CPU
		{869E105E-A433-40F8-8CC7-82F4DD1F5662}.Release|Any CPU.ActiveCfg = Release|Any CPU
		{869E105E-A433-40F8-8CC7-82F4DD1F5662}.Release|Any CPU.Build.0 = Release|Any CPU
		{45BBF781-3045-41C9-B4BD-E199DD611585}.Debug|Any CPU.ActiveCfg = Debug|Any CPU
		{45BBF781-3045-41C9-B4BD-E199DD611585}.Debug|Any CPU.Build.0 = Debug|Any CPU
		{45BBF781-3045-41C9-B4BD-E199DD611585}.Release|Any CPU.ActiveCfg = Release|Any CPU
		{45BBF781-3045-41C9-B4BD-E199DD611585}.Release|Any CPU.Build.0 = Release|Any CPU
		{19378BAE-284A-4228-B28E-447F109D4FE5}.Debug|Any CPU.ActiveCfg = Debug|Any CPU
		{19378BAE-284A-4228-B28E-447F109D4FE5}.Debug|Any CPU.Build.0 = Debug|Any CPU
		{19378BAE-284A-4228-B28E-447F109D4FE5}.Release|Any CPU.ActiveCfg = Release|Any CPU
		{19378BAE-284A-4228-B28E-447F109D4FE5}.Release|Any CPU.Build.0 = Release|Any CPU
	EndGlobalSection
	GlobalSection(SolutionProperties) = preSolution
		HideSolutionNode = FALSE
	EndGlobalSection
	GlobalSection(ExtensibilityGlobals) = postSolution
		SolutionGuid = {AB5FC68C-6424-46D9-AF75-17B46B58A8CA}
	EndGlobalSection
EndGlobal
